
Microsoft Visual Studio Solution File, Format Version 12.00
# Visual Studio 15
VisualStudioVersion = 15.0.26730.10
MinimumVisualStudioVersion = 10.0.40219.1
Project("{8BC9CEB8-8B4A-11D0-8D11-00A0C91BC942}") = "Ising", "Ising\Ising.vcxproj", "{2E3207E8-B8B5-4C71-AF36-6C34A2097CB5}"
EndProject
Project("{8BC9CEB8-8B4A-11D0-8D11-00A0C91BC942}") = "IsingSimulation", "IsingSimulation\IsingSimulation.vcxproj", "{28AB6797-F4F2-4371-9A4A-F7B891387DB4}"
EndProject
Project("{8BC9CEB8-8B4A-11D0-8D11-00A0C91BC942}") = "TestHamiltonian", "TestHamiltonian\TestHamiltonian.vcxproj", "{39965289-6E15-4E17-B647-55B3F96DCA9C}"
EndProject
Project("{8BC9CEB8-8B4A-11D0-8D11-00A0C91BC942}") = "TestReplica", "TestReplica\TestReplica.vcxproj", "{EFD0BFF5-B492-4D47-A74F-6D8D8B1B0485}"
EndProject
Project("{888888A0-9F3D-457C-B088-3A5042F75D52}") = "Simulation", "Simulation.pyproj", "{5152039D-F438-4E9F-8829-BFB2B061CCD8}"
EndProject
Global
	GlobalSection(Performance) = preSolution
		HasPerformanceSessions = true
	EndGlobalSection
	GlobalSection(SolutionConfigurationPlatforms) = preSolution
		Debug|Any CPU = Debug|Any CPU
		Debug|x64 = Debug|x64
		Debug|x86 = Debug|x86
		Release|Any CPU = Release|Any CPU
		Release|x64 = Release|x64
		Release|x86 = Release|x86
	EndGlobalSection
	GlobalSection(ProjectConfigurationPlatforms) = postSolution
		{2E3207E8-B8B5-4C71-AF36-6C34A2097CB5}.Debug|Any CPU.ActiveCfg = Debug|Win32
		{2E3207E8-B8B5-4C71-AF36-6C34A2097CB5}.Debug|x64.ActiveCfg = Debug|x64
		{2E3207E8-B8B5-4C71-AF36-6C34A2097CB5}.Debug|x64.Build.0 = Debug|x64
		{2E3207E8-B8B5-4C71-AF36-6C34A2097CB5}.Debug|x86.ActiveCfg = Debug|Win32
		{2E3207E8-B8B5-4C71-AF36-6C34A2097CB5}.Debug|x86.Build.0 = Debug|Win32
		{2E3207E8-B8B5-4C71-AF36-6C34A2097CB5}.Release|Any CPU.ActiveCfg = Release|Win32
		{2E3207E8-B8B5-4C71-AF36-6C34A2097CB5}.Release|x64.ActiveCfg = Release|x64
		{2E3207E8-B8B5-4C71-AF36-6C34A2097CB5}.Release|x64.Build.0 = Release|x64
		{2E3207E8-B8B5-4C71-AF36-6C34A2097CB5}.Release|x86.ActiveCfg = Release|Win32
		{2E3207E8-B8B5-4C71-AF36-6C34A2097CB5}.Release|x86.Build.0 = Release|Win32
		{28AB6797-F4F2-4371-9A4A-F7B891387DB4}.Debug|Any CPU.ActiveCfg = Debug|Win32
		{28AB6797-F4F2-4371-9A4A-F7B891387DB4}.Debug|x64.ActiveCfg = Debug|x64
		{28AB6797-F4F2-4371-9A4A-F7B891387DB4}.Debug|x64.Build.0 = Debug|x64
		{28AB6797-F4F2-4371-9A4A-F7B891387DB4}.Debug|x86.ActiveCfg = Debug|Win32
		{28AB6797-F4F2-4371-9A4A-F7B891387DB4}.Debug|x86.Build.0 = Debug|Win32
		{28AB6797-F4F2-4371-9A4A-F7B891387DB4}.Release|Any CPU.ActiveCfg = Release|Win32
		{28AB6797-F4F2-4371-9A4A-F7B891387DB4}.Release|x64.ActiveCfg = Release|x64
		{28AB6797-F4F2-4371-9A4A-F7B891387DB4}.Release|x64.Build.0 = Release|x64
		{28AB6797-F4F2-4371-9A4A-F7B891387DB4}.Release|x86.ActiveCfg = Release|Win32
		{28AB6797-F4F2-4371-9A4A-F7B891387DB4}.Release|x86.Build.0 = Release|Win32
		{39965289-6E15-4E17-B647-55B3F96DCA9C}.Debug|Any CPU.ActiveCfg = Debug|Win32
		{39965289-6E15-4E17-B647-55B3F96DCA9C}.Debug|x64.ActiveCfg = Debug|x64
		{39965289-6E15-4E17-B647-55B3F96DCA9C}.Debug|x86.ActiveCfg = Debug|Win32
		{39965289-6E15-4E17-B647-55B3F96DCA9C}.Debug|x86.Build.0 = Debug|Win32
		{39965289-6E15-4E17-B647-55B3F96DCA9C}.Release|Any CPU.ActiveCfg = Release|Win32
		{39965289-6E15-4E17-B647-55B3F96DCA9C}.Release|x64.ActiveCfg = Release|x64
		{39965289-6E15-4E17-B647-55B3F96DCA9C}.Release|x64.Build.0 = Release|x64
		{39965289-6E15-4E17-B647-55B3F96DCA9C}.Release|x86.ActiveCfg = Release|Win32
		{39965289-6E15-4E17-B647-55B3F96DCA9C}.Release|x86.Build.0 = Release|Win32
		{EFD0BFF5-B492-4D47-A74F-6D8D8B1B0485}.Debug|Any CPU.ActiveCfg = Debug|Win32
		{EFD0BFF5-B492-4D47-A74F-6D8D8B1B0485}.Debug|x64.ActiveCfg = Debug|x64
		{EFD0BFF5-B492-4D47-A74F-6D8D8B1B0485}.Debug|x86.ActiveCfg = Debug|Win32
		{EFD0BFF5-B492-4D47-A74F-6D8D8B1B0485}.Debug|x86.Build.0 = Debug|Win32
		{EFD0BFF5-B492-4D47-A74F-6D8D8B1B0485}.Release|Any CPU.ActiveCfg = Release|Win32
		{EFD0BFF5-B492-4D47-A74F-6D8D8B1B0485}.Release|x64.ActiveCfg = Release|x64
		{EFD0BFF5-B492-4D47-A74F-6D8D8B1B0485}.Release|x64.Build.0 = Release|x64
		{EFD0BFF5-B492-4D47-A74F-6D8D8B1B0485}.Release|x86.ActiveCfg = Release|Win32
		{EFD0BFF5-B492-4D47-A74F-6D8D8B1B0485}.Release|x86.Build.0 = Release|Win32
		{5152039D-F438-4E9F-8829-BFB2B061CCD8}.Debug|Any CPU.ActiveCfg = Debug|Any CPU
		{5152039D-F438-4E9F-8829-BFB2B061CCD8}.Debug|x64.ActiveCfg = Debug|Any CPU
		{5152039D-F438-4E9F-8829-BFB2B061CCD8}.Debug|x86.ActiveCfg = Debug|Any CPU
		{5152039D-F438-4E9F-8829-BFB2B061CCD8}.Release|Any CPU.ActiveCfg = Release|Any CPU
		{5152039D-F438-4E9F-8829-BFB2B061CCD8}.Release|x64.ActiveCfg = Release|Any CPU
		{5152039D-F438-4E9F-8829-BFB2B061CCD8}.Release|x86.ActiveCfg = Release|Any CPU
	EndGlobalSection
	GlobalSection(SolutionProperties) = preSolution
		HideSolutionNode = FALSE
	EndGlobalSection
	GlobalSection(ExtensibilityGlobals) = postSolution
		SolutionGuid = {F40CFE66-CE34-431A-89FB-6A01B6E9C9B0}
	EndGlobalSection
	GlobalSection(Performance) = preSolution
		HasPerformanceSessions = true
	EndGlobalSection
	GlobalSection(Performance) = preSolution
		HasPerformanceSessions = true
	EndGlobalSection
	GlobalSection(Performance) = preSolution
		HasPerformanceSessions = true
	EndGlobalSection
	GlobalSection(Performance) = preSolution
		HasPerformanceSessions = true
	EndGlobalSection
	GlobalSection(Performance) = preSolution
		HasPerformanceSessions = true
	EndGlobalSection
EndGlobal
